
Microsoft Visual Studio Solution File, Format Version 12.00
# Visual Studio Version 16
VisualStudioVersion = 16.0.31424.327
MinimumVisualStudioVersion = 10.0.40219.1
Project("{FAE04EC0-301F-11D3-BF4B-00C04F79EFBC}") = "BigSchool", "BigSchool\BigSchool.csproj", "{5A46EDC6-FBAC-421C-922A-667D1570E6F4}"
EndProject
Global
	GlobalSection(SolutionConfigurationPlatforms) = preSolution
		Debug|Any CPU = Debug|Any CPU
		Release|Any CPU = Release|Any CPU
	EndGlobalSection
	GlobalSection(ProjectConfigurationPlatforms) = postSolution
		{5A46EDC6-FBAC-421C-922A-667D1570E6F4}.Debug|Any CPU.ActiveCfg = Debug|Any CPU
		{5A46EDC6-FBAC-421C-922A-667D1570E6F4}.Debug|Any CPU.Build.0 = Debug|Any CPU
		{5A46EDC6-FBAC-421C-922A-667D1570E6F4}.Release|Any CPU.ActiveCfg = Release|Any CPU
		{5A46EDC6-FBAC-421C-922A-667D1570E6F4}.Release|Any CPU.Build.0 = Release|Any CPU
	EndGlobalSection
	GlobalSection(SolutionProperties) = preSolution
		HideSolutionNode = FALSE
	EndGlobalSection
	GlobalSection(ExtensibilityGlobals) = postSolution
		SolutionGuid = {F5E7DBB4-3193-4DAE-A19B-5070CE3817F3}
	EndGlobalSection
EndGlobal
